
Microsoft Visual Studio Solution File, Format Version 12.00
# Visual Studio 2012
Project("{FAE04EC0-301F-11D3-BF4B-00C04F79EFBC}") = "Time tracker log", "Time tracker log\Time tracker log.csproj", "{7AAC377A-4C75-4EF5-9890-43A69A45F42D}"
EndProject
Global
	GlobalSection(SolutionConfigurationPlatforms) = preSolution
		Debug|Any CPU = Debug|Any CPU
		Release|Any CPU = Release|Any CPU
	EndGlobalSection
	GlobalSection(ProjectConfigurationPlatforms) = postSolution
		{7AAC377A-4C75-4EF5-9890-43A69A45F42D}.Debug|Any CPU.ActiveCfg = Debug|Any CPU
		{7AAC377A-4C75-4EF5-9890-43A69A45F42D}.Debug|Any CPU.Build.0 = Debug|Any CPU
		{7AAC377A-4C75-4EF5-9890-43A69A45F42D}.Release|Any CPU.ActiveCfg = Release|Any CPU
		{7AAC377A-4C75-4EF5-9890-43A69A45F42D}.Release|Any CPU.Build.0 = Release|Any CPU
	EndGlobalSection
	GlobalSection(SolutionProperties) = preSolution
		HideSolutionNode = FALSE
	EndGlobalSection
EndGlobal
